
Microsoft Visual Studio Solution File, Format Version 12.00
# Visual Studio Version 17
VisualStudioVersion = 17.0.31903.59
MinimumVisualStudioVersion = 10.0.40219.1
Project("{FAE04EC0-301F-11D3-BF4B-00C04F79EFBC}") = "PrepareMergeCoins", "PrepareMergeCoins\PrepareMergeCoins.csproj", "{AA71EE2E-FB31-460C-ADBC-58862EF507D9}"
EndProject
Project("{FAE04EC0-301F-11D3-BF4B-00C04F79EFBC}") = "PrepareSendIotaMulti", "PrepareSendIotaMulti\PrepareSendIotaMulti.csproj", "{5BB08EA2-E2B0-485E-82CB-32E097E219BD}"
EndProject
Project("{FAE04EC0-301F-11D3-BF4B-00C04F79EFBC}") = "PackageEvents", "PackageEvents\PackageEvents.csproj", "{208CBC58-2B4B-4AD2-83B9-94F37B5680B7}"
EndProject
Project("{FAE04EC0-301F-11D3-BF4B-00C04F79EFBC}") = "GenerateMnemonic", "GenerateMnemonic\GenerateMnemonic.csproj", "{19CE04F3-E574-40E0-B518-C81B773CF229}"
EndProject
Project("{FAE04EC0-301F-11D3-BF4B-00C04F79EFBC}") = "Pagination", "Pagination\Pagination.csproj", "{F0BE71A6-48FD-42AB-AE3C-8EFEC2C6FB8F}"
EndProject
Project("{FAE04EC0-301F-11D3-BF4B-00C04F79EFBC}") = "PrepareSplitCoins", "PrepareSplitCoins\PrepareSplitCoins.csproj", "{4ADE877F-26A1-4F87-9DE3-AD5479952368}"
EndProject
Project("{FAE04EC0-301F-11D3-BF4B-00C04F79EFBC}") = "PrepareTransferObjects", "PrepareTransferObjects\PrepareTransferObjects.csproj", "{B034C992-D9A5-49CF-8A86-D28991B55932}"
EndProject
Project("{FAE04EC0-301F-11D3-BF4B-00C04F79EFBC}") = "Stake", "Stake\Stake.csproj", "{BE6BD539-3BFF-4D2A-AAC3-644F616F559E}"
EndProject
Project("{FAE04EC0-301F-11D3-BF4B-00C04F79EFBC}") = "GetObject", "GetObject\GetObject.csproj", "{9E2E2320-8254-471F-B7D6-0CBE98A62A3C}"
EndProject
Project("{FAE04EC0-301F-11D3-BF4B-00C04F79EFBC}") = "Unstake", "Unstake\Unstake.csproj", "{839333AD-ADF9-4D18-BA1D-EBCF220B7A85}"
EndProject
Project("{FAE04EC0-301F-11D3-BF4B-00C04F79EFBC}") = "DevInspect", "DevInspect\DevInspect.csproj", "{0C04C8B5-0295-4835-8474-C79D6B424145}"
EndProject
Project("{FAE04EC0-301F-11D3-BF4B-00C04F79EFBC}") = "GasSponsor", "GasSponsor\GasSponsor.csproj", "{ACBE5C27-D805-43F2-A706-4041FADC3E3A}"
EndProject
Project("{FAE04EC0-301F-11D3-BF4B-00C04F79EFBC}") = "TransactionsWithFunction", "TransactionsWithFunction\TransactionsWithFunction.csproj", "{7FA7E5AA-53F7-40E2-A122-43836D33A130}"
EndProject
Project("{FAE04EC0-301F-11D3-BF4B-00C04F79EFBC}") = "GasStation", "GasStation\GasStation.csproj", "{5C1316DA-200A-44C5-B84B-0B0692395445}"
EndProject
Project("{FAE04EC0-301F-11D3-BF4B-00C04F79EFBC}") = "Epoch", "Epoch\Epoch.csproj", "{14B487AA-4144-44AA-A12A-2607A2BDFB00}"
EndProject
Project("{FAE04EC0-301F-11D3-BF4B-00C04F79EFBC}") = "MoveFunctions", "MoveFunctions\MoveFunctions.csproj", "{16683CB5-E51D-423A-9740-E5E93221976D}"
EndProject
Project("{FAE04EC0-301F-11D3-BF4B-00C04F79EFBC}") = "AddressFromMnemonic", "AddressFromMnemonic\AddressFromMnemonic.csproj", "{86D68FB5-2B4F-4865-BEDC-3A40F6EB9EB3}"
EndProject
Project("{FAE04EC0-301F-11D3-BF4B-00C04F79EFBC}") = "TransactionsWithShared", "TransactionsWithShared\TransactionsWithShared.csproj", "{8C9E71D4-FB92-4263-8BF2-2FAA6B7062B1}"
EndProject
Project("{FAE04EC0-301F-11D3-BF4B-00C04F79EFBC}") = "AbstractAccount", "AbstractAccount\AbstractAccount.csproj", "{5E5F37AF-3812-4AA6-8C12-931F567B8128}"
EndProject
Project("{FAE04EC0-301F-11D3-BF4B-00C04F79EFBC}") = "GenerateEd25519Address", "GenerateEd25519Address\GenerateEd25519Address.csproj", "{246BFBC8-2D44-4C7F-B639-00BACA970CD1}"
EndProject
Project("{FAE04EC0-301F-11D3-BF4B-00C04F79EFBC}") = "JsonQuery", "JsonQuery\JsonQuery.csproj", "{88457296-8908-4FB5-B3BA-D94D737BC3FA}"
EndProject
Project("{FAE04EC0-301F-11D3-BF4B-00C04F79EFBC}") = "DynamicFields", "DynamicFields\DynamicFields.csproj", "{25190B94-AB07-400E-AAC2-65ABB216BE46}"
EndProject
Project("{FAE04EC0-301F-11D3-BF4B-00C04F79EFBC}") = "OwnedObjects", "OwnedObjects\OwnedObjects.csproj", "{7B192CBC-0219-4424-AE8C-F1D6AB316982}"
EndProject
Project("{FAE04EC0-301F-11D3-BF4B-00C04F79EFBC}") = "CustomQuery", "CustomQuery\CustomQuery.csproj", "{7626CBFB-3AF4-4EF8-BC0E-D58A03B6A36E}"
EndProject
Project("{FAE04EC0-301F-11D3-BF4B-00C04F79EFBC}") = "MoveViewCall", "MoveViewCall\MoveViewCall.csproj", "{35B1F1CE-C97D-4016-945D-AF41802EC598}"
EndProject
Project("{FAE04EC0-301F-11D3-BF4B-00C04F79EFBC}") = "SignSendIota", "SignSendIota\SignSendIota.csproj", "{C6EF8D0C-0777-4AD2-A587-7D6F17615F36}"
EndProject
Project("{FAE04EC0-301F-11D3-BF4B-00C04F79EFBC}") = "JsonRoundtrip", "JsonRoundtrip\JsonRoundtrip.csproj", "{415D1C44-5EE4-4A63-80CE-5DBEAD4BBCA5}"
EndProject
Project("{FAE04EC0-301F-11D3-BF4B-00C04F79EFBC}") = "ObjectsByType", "ObjectsByType\ObjectsByType.csproj", "{C718D100-786B-4D30-8A1F-7FB3488A7FF4}"
EndProject
Project("{FAE04EC0-301F-11D3-BF4B-00C04F79EFBC}") = "GetTransaction", "GetTransaction\GetTransaction.csproj", "{1ABE2659-FA70-494A-AF53-566C1D22EBDD}"
EndProject
Project("{FAE04EC0-301F-11D3-BF4B-00C04F79EFBC}") = "Faucet", "Faucet\Faucet.csproj", "{345A64DD-4613-455B-BDE5-59747336FB27}"
EndProject
Project("{FAE04EC0-301F-11D3-BF4B-00C04F79EFBC}") = "DryRunBytes", "DryRunBytes\DryRunBytes.csproj", "{F411A706-84D7-40B6-8762-0944A69765C8}"
EndProject
Project("{FAE04EC0-301F-11D3-BF4B-00C04F79EFBC}") = "CoinBalances", "CoinBalances\CoinBalances.csproj", "{8558D889-FE41-4BF4-A023-71EE62EFAEFB}"
EndProject
Project("{FAE04EC0-301F-11D3-BF4B-00C04F79EFBC}") = "PrepareSendCoins", "PrepareSendCoins\PrepareSendCoins.csproj", "{7F3B40C5-DFB9-428D-910F-731FD472EDBA}"
EndProject
Project("{FAE04EC0-301F-11D3-BF4B-00C04F79EFBC}") = "TxCommandResults", "TxCommandResults\TxCommandResults.csproj", "{A345C63E-DDB4-4AFE-B935-CCDFF7ACEA16}"
EndProject
Project("{FAE04EC0-301F-11D3-BF4B-00C04F79EFBC}") = "GenericMoveFunction", "GenericMoveFunction\GenericMoveFunction.csproj", "{51AF5801-3D43-44D8-BB6A-57170703D9A1}"
EndProject
Project("{FAE04EC0-301F-11D3-BF4B-00C04F79EFBC}") = "TransactionSignerCallback", "TransactionSignerCallback\TransactionSignerCallback.csproj", "{86508E28-5BDA-40A7-82CA-D26B0D6D4953}"
EndProject
Project("{FAE04EC0-301F-11D3-BF4B-00C04F79EFBC}") = "PublishUpgrade", "PublishUpgrade\PublishUpgrade.csproj", "{D032AE4D-4356-4201-9B33-79A5B1973930}"
EndProject
Project("{FAE04EC0-301F-11D3-BF4B-00C04F79EFBC}") = "PrepareSendIota", "PrepareSendIota\PrepareSendIota.csproj", "{FFFA8316-2E95-4A16-8B5F-7428314E033D}"
EndProject
Project("{FAE04EC0-301F-11D3-BF4B-00C04F79EFBC}") = "PrepareTransferObjectsOffline", "PrepareTransferObjectsOffline\PrepareTransferObjectsOffline.csproj", "{039A94B8-4FC5-4472-A266-6328CB53FC1F}"
EndProject
Project("{FAE04EC0-301F-11D3-BF4B-00C04F79EFBC}") = "ChainId", "ChainId\ChainId.csproj", "{C1A01931-63A1-43BC-A796-D86207E97A9B}"
EndProject
Global
	GlobalSection(SolutionConfigurationPlatforms) = preSolution
		Debug|Any CPU = Debug|Any CPU
		Release|Any CPU = Release|Any CPU
	EndGlobalSection
	GlobalSection(SolutionProperties) = preSolution
		HideSolutionNode = FALSE
	EndGlobalSection
	GlobalSection(ProjectConfigurationPlatforms) = postSolution
		{AA71EE2E-FB31-460C-ADBC-58862EF507D9}.Debug|Any CPU.ActiveCfg = Debug|Any CPU
		{AA71EE2E-FB31-460C-ADBC-58862EF507D9}.Debug|Any CPU.Build.0 = Debug|Any CPU
		{AA71EE2E-FB31-460C-ADBC-58862EF507D9}.Release|Any CPU.ActiveCfg = Release|Any CPU
		{AA71EE2E-FB31-460C-ADBC-58862EF507D9}.Release|Any CPU.Build.0 = Release|Any CPU
		{5BB08EA2-E2B0-485E-82CB-32E097E219BD}.Debug|Any CPU.ActiveCfg = Debug|Any CPU
		{5BB08EA2-E2B0-485E-82CB-32E097E219BD}.Debug|Any CPU.Build.0 = Debug|Any CPU
		{5BB08EA2-E2B0-485E-82CB-32E097E219BD}.Release|Any CPU.ActiveCfg = Release|Any CPU
		{5BB08EA2-E2B0-485E-82CB-32E097E219BD}.Release|Any CPU.Build.0 = Release|Any CPU
		{208CBC58-2B4B-4AD2-83B9-94F37B5680B7}.Debug|Any CPU.ActiveCfg = Debug|Any CPU
		{208CBC58-2B4B-4AD2-83B9-94F37B5680B7}.Debug|Any CPU.Build.0 = Debug|Any CPU
		{208CBC58-2B4B-4AD2-83B9-94F37B5680B7}.Release|Any CPU.ActiveCfg = Release|Any CPU
		{208CBC58-2B4B-4AD2-83B9-94F37B5680B7}.Release|Any CPU.Build.0 = Release|Any CPU
		{19CE04F3-E574-40E0-B518-C81B773CF229}.Debug|Any CPU.ActiveCfg = Debug|Any CPU
		{19CE04F3-E574-40E0-B518-C81B773CF229}.Debug|Any CPU.Build.0 = Debug|Any CPU
		{19CE04F3-E574-40E0-B518-C81B773CF229}.Release|Any CPU.ActiveCfg = Release|Any CPU
		{19CE04F3-E574-40E0-B518-C81B773CF229}.Release|Any CPU.Build.0 = Release|Any CPU
		{F0BE71A6-48FD-42AB-AE3C-8EFEC2C6FB8F}.Debug|Any CPU.ActiveCfg = Debug|Any CPU
		{F0BE71A6-48FD-42AB-AE3C-8EFEC2C6FB8F}.Debug|Any CPU.Build.0 = Debug|Any CPU
		{F0BE71A6-48FD-42AB-AE3C-8EFEC2C6FB8F}.Release|Any CPU.ActiveCfg = Release|Any CPU
		{F0BE71A6-48FD-42AB-AE3C-8EFEC2C6FB8F}.Release|Any CPU.Build.0 = Release|Any CPU
		{4ADE877F-26A1-4F87-9DE3-AD5479952368}.Debug|Any CPU.ActiveCfg = Debug|Any CPU
		{4ADE877F-26A1-4F87-9DE3-AD5479952368}.Debug|Any CPU.Build.0 = Debug|Any CPU
		{4ADE877F-26A1-4F87-9DE3-AD5479952368}.Release|Any CPU.ActiveCfg = Release|Any CPU
		{4ADE877F-26A1-4F87-9DE3-AD5479952368}.Release|Any CPU.Build.0 = Release|Any CPU
		{B034C992-D9A5-49CF-8A86-D28991B55932}.Debug|Any CPU.ActiveCfg = Debug|Any CPU
		{B034C992-D9A5-49CF-8A86-D28991B55932}.Debug|Any CPU.Build.0 = Debug|Any CPU
		{B034C992-D9A5-49CF-8A86-D28991B55932}.Release|Any CPU.ActiveCfg = Release|Any CPU
		{B034C992-D9A5-49CF-8A86-D28991B55932}.Release|Any CPU.Build.0 = Release|Any CPU
		{BE6BD539-3BFF-4D2A-AAC3-644F616F559E}.Debug|Any CPU.ActiveCfg = Debug|Any CPU
		{BE6BD539-3BFF-4D2A-AAC3-644F616F559E}.Debug|Any CPU.Build.0 = Debug|Any CPU
		{BE6BD539-3BFF-4D2A-AAC3-644F616F559E}.Release|Any CPU.ActiveCfg = Release|Any CPU
		{BE6BD539-3BFF-4D2A-AAC3-644F616F559E}.Release|Any CPU.Build.0 = Release|Any CPU
		{9E2E2320-8254-471F-B7D6-0CBE98A62A3C}.Debug|Any CPU.ActiveCfg = Debug|Any CPU
		{9E2E2320-8254-471F-B7D6-0CBE98A62A3C}.Debug|Any CPU.Build.0 = Debug|Any CPU
		{9E2E2320-8254-471F-B7D6-0CBE98A62A3C}.Release|Any CPU.ActiveCfg = Release|Any CPU
		{9E2E2320-8254-471F-B7D6-0CBE98A62A3C}.Release|Any CPU.Build.0 = Release|Any CPU
		{839333AD-ADF9-4D18-BA1D-EBCF220B7A85}.Debug|Any CPU.ActiveCfg = Debug|Any CPU
		{839333AD-ADF9-4D18-BA1D-EBCF220B7A85}.Debug|Any CPU.Build.0 = Debug|Any CPU
		{839333AD-ADF9-4D18-BA1D-EBCF220B7A85}.Release|Any CPU.ActiveCfg = Release|Any CPU
		{839333AD-ADF9-4D18-BA1D-EBCF220B7A85}.Release|Any CPU.Build.0 = Release|Any CPU
		{0C04C8B5-0295-4835-8474-C79D6B424145}.Debug|Any CPU.ActiveCfg = Debug|Any CPU
		{0C04C8B5-0295-4835-8474-C79D6B424145}.Debug|Any CPU.Build.0 = Debug|Any CPU
		{0C04C8B5-0295-4835-8474-C79D6B424145}.Release|Any CPU.ActiveCfg = Release|Any CPU
		{0C04C8B5-0295-4835-8474-C79D6B424145}.Release|Any CPU.Build.0 = Release|Any CPU
		{ACBE5C27-D805-43F2-A706-4041FADC3E3A}.Debug|Any CPU.ActiveCfg = Debug|Any CPU
		{ACBE5C27-D805-43F2-A706-4041FADC3E3A}.Debug|Any CPU.Build.0 = Debug|Any CPU
		{ACBE5C27-D805-43F2-A706-4041FADC3E3A}.Release|Any CPU.ActiveCfg = Release|Any CPU
		{ACBE5C27-D805-43F2-A706-4041FADC3E3A}.Release|Any CPU.Build.0 = Release|Any CPU
		{7FA7E5AA-53F7-40E2-A122-43836D33A130}.Debug|Any CPU.ActiveCfg = Debug|Any CPU
		{7FA7E5AA-53F7-40E2-A122-43836D33A130}.Debug|Any CPU.Build.0 = Debug|Any CPU
		{7FA7E5AA-53F7-40E2-A122-43836D33A130}.Release|Any CPU.ActiveCfg = Release|Any CPU
		{7FA7E5AA-53F7-40E2-A122-43836D33A130}.Release|Any CPU.Build.0 = Release|Any CPU
		{5C1316DA-200A-44C5-B84B-0B0692395445}.Debug|Any CPU.ActiveCfg = Debug|Any CPU
		{5C1316DA-200A-44C5-B84B-0B0692395445}.Debug|Any CPU.Build.0 = Debug|Any CPU
		{5C1316DA-200A-44C5-B84B-0B0692395445}.Release|Any CPU.ActiveCfg = Release|Any CPU
		{5C1316DA-200A-44C5-B84B-0B0692395445}.Release|Any CPU.Build.0 = Release|Any CPU
		{14B487AA-4144-44AA-A12A-2607A2BDFB00}.Debug|Any CPU.ActiveCfg = Debug|Any CPU
		{14B487AA-4144-44AA-A12A-2607A2BDFB00}.Debug|Any CPU.Build.0 = Debug|Any CPU
		{14B487AA-4144-44AA-A12A-2607A2BDFB00}.Release|Any CPU.ActiveCfg = Release|Any CPU
		{14B487AA-4144-44AA-A12A-2607A2BDFB00}.Release|Any CPU.Build.0 = Release|Any CPU
		{16683CB5-E51D-423A-9740-E5E93221976D}.Debug|Any CPU.ActiveCfg = Debug|Any CPU
		{16683CB5-E51D-423A-9740-E5E93221976D}.Debug|Any CPU.Build.0 = Debug|Any CPU
		{16683CB5-E51D-423A-9740-E5E93221976D}.Release|Any CPU.ActiveCfg = Release|Any CPU
		{16683CB5-E51D-423A-9740-E5E93221976D}.Release|Any CPU.Build.0 = Release|Any CPU
		{86D68FB5-2B4F-4865-BEDC-3A40F6EB9EB3}.Debug|Any CPU.ActiveCfg = Debug|Any CPU
		{86D68FB5-2B4F-4865-BEDC-3A40F6EB9EB3}.Debug|Any CPU.Build.0 = Debug|Any CPU
		{86D68FB5-2B4F-4865-BEDC-3A40F6EB9EB3}.Release|Any CPU.ActiveCfg = Release|Any CPU
		{86D68FB5-2B4F-4865-BEDC-3A40F6EB9EB3}.Release|Any CPU.Build.0 = Release|Any CPU
		{8C9E71D4-FB92-4263-8BF2-2FAA6B7062B1}.Debug|Any CPU.ActiveCfg = Debug|Any CPU
		{8C9E71D4-FB92-4263-8BF2-2FAA6B7062B1}.Debug|Any CPU.Build.0 = Debug|Any CPU
		{8C9E71D4-FB92-4263-8BF2-2FAA6B7062B1}.Release|Any CPU.ActiveCfg = Release|Any CPU
		{8C9E71D4-FB92-4263-8BF2-2FAA6B7062B1}.Release|Any CPU.Build.0 = Release|Any CPU
		{5E5F37AF-3812-4AA6-8C12-931F567B8128}.Debug|Any CPU.ActiveCfg = Debug|Any CPU
		{5E5F37AF-3812-4AA6-8C12-931F567B8128}.Debug|Any CPU.Build.0 = Debug|Any CPU
		{5E5F37AF-3812-4AA6-8C12-931F567B8128}.Release|Any CPU.ActiveCfg = Release|Any CPU
		{5E5F37AF-3812-4AA6-8C12-931F567B8128}.Release|Any CPU.Build.0 = Release|Any CPU
		{246BFBC8-2D44-4C7F-B639-00BACA970CD1}.Debug|Any CPU.ActiveCfg = Debug|Any CPU
		{246BFBC8-2D44-4C7F-B639-00BACA970CD1}.Debug|Any CPU.Build.0 = Debug|Any CPU
		{246BFBC8-2D44-4C7F-B639-00BACA970CD1}.Release|Any CPU.ActiveCfg = Release|Any CPU
		{246BFBC8-2D44-4C7F-B639-00BACA970CD1}.Release|Any CPU.Build.0 = Release|Any CPU
		{88457296-8908-4FB5-B3BA-D94D737BC3FA}.Debug|Any CPU.ActiveCfg = Debug|Any CPU
		{88457296-8908-4FB5-B3BA-D94D737BC3FA}.Debug|Any CPU.Build.0 = Debug|Any CPU
		{88457296-8908-4FB5-B3BA-D94D737BC3FA}.Release|Any CPU.ActiveCfg = Release|Any CPU
		{88457296-8908-4FB5-B3BA-D94D737BC3FA}.Release|Any CPU.Build.0 = Release|Any CPU
		{25190B94-AB07-400E-AAC2-65ABB216BE46}.Debug|Any CPU.ActiveCfg = Debug|Any CPU
		{25190B94-AB07-400E-AAC2-65ABB216BE46}.Debug|Any CPU.Build.0 = Debug|Any CPU
		{25190B94-AB07-400E-AAC2-65ABB216BE46}.Release|Any CPU.ActiveCfg = Release|Any CPU
		{25190B94-AB07-400E-AAC2-65ABB216BE46}.Release|Any CPU.Build.0 = Release|Any CPU
		{7B192CBC-0219-4424-AE8C-F1D6AB316982}.Debug|Any CPU.ActiveCfg = Debug|Any CPU
		{7B192CBC-0219-4424-AE8C-F1D6AB316982}.Debug|Any CPU.Build.0 = Debug|Any CPU
		{7B192CBC-0219-4424-AE8C-F1D6AB316982}.Release|Any CPU.ActiveCfg = Release|Any CPU
		{7B192CBC-0219-4424-AE8C-F1D6AB316982}.Release|Any CPU.Build.0 = Release|Any CPU
		{7626CBFB-3AF4-4EF8-BC0E-D58A03B6A36E}.Debug|Any CPU.ActiveCfg = Debug|Any CPU
		{7626CBFB-3AF4-4EF8-BC0E-D58A03B6A36E}.Debug|Any CPU.Build.0 = Debug|Any CPU
		{7626CBFB-3AF4-4EF8-BC0E-D58A03B6A36E}.Release|Any CPU.ActiveCfg = Release|Any CPU
		{7626CBFB-3AF4-4EF8-BC0E-D58A03B6A36E}.Release|Any CPU.Build.0 = Release|Any CPU
		{35B1F1CE-C97D-4016-945D-AF41802EC598}.Debug|Any CPU.ActiveCfg = Debug|Any CPU
		{35B1F1CE-C97D-4016-945D-AF41802EC598}.Debug|Any CPU.Build.0 = Debug|Any CPU
		{35B1F1CE-C97D-4016-945D-AF41802EC598}.Release|Any CPU.ActiveCfg = Release|Any CPU
		{35B1F1CE-C97D-4016-945D-AF41802EC598}.Release|Any CPU.Build.0 = Release|Any CPU
		{C6EF8D0C-0777-4AD2-A587-7D6F17615F36}.Debug|Any CPU.ActiveCfg = Debug|Any CPU
		{C6EF8D0C-0777-4AD2-A587-7D6F17615F36}.Debug|Any CPU.Build.0 = Debug|Any CPU
		{C6EF8D0C-0777-4AD2-A587-7D6F17615F36}.Release|Any CPU.ActiveCfg = Release|Any CPU
		{C6EF8D0C-0777-4AD2-A587-7D6F17615F36}.Release|Any CPU.Build.0 = Release|Any CPU
		{415D1C44-5EE4-4A63-80CE-5DBEAD4BBCA5}.Debug|Any CPU.ActiveCfg = Debug|Any CPU
		{415D1C44-5EE4-4A63-80CE-5DBEAD4BBCA5}.Debug|Any CPU.Build.0 = Debug|Any CPU
		{415D1C44-5EE4-4A63-80CE-5DBEAD4BBCA5}.Release|Any CPU.ActiveCfg = Release|Any CPU
		{415D1C44-5EE4-4A63-80CE-5DBEAD4BBCA5}.Release|Any CPU.Build.0 = Release|Any CPU
		{C718D100-786B-4D30-8A1F-7FB3488A7FF4}.Debug|Any CPU.ActiveCfg = Debug|Any CPU
		{C718D100-786B-4D30-8A1F-7FB3488A7FF4}.Debug|Any CPU.Build.0 = Debug|Any CPU
		{C718D100-786B-4D30-8A1F-7FB3488A7FF4}.Release|Any CPU.ActiveCfg = Release|Any CPU
		{C718D100-786B-4D30-8A1F-7FB3488A7FF4}.Release|Any CPU.Build.0 = Release|Any CPU
		{1ABE2659-FA70-494A-AF53-566C1D22EBDD}.Debug|Any CPU.ActiveCfg = Debug|Any CPU
		{1ABE2659-FA70-494A-AF53-566C1D22EBDD}.Debug|Any CPU.Build.0 = Debug|Any CPU
		{1ABE2659-FA70-494A-AF53-566C1D22EBDD}.Release|Any CPU.ActiveCfg = Release|Any CPU
		{1ABE2659-FA70-494A-AF53-566C1D22EBDD}.Release|Any CPU.Build.0 = Release|Any CPU
		{345A64DD-4613-455B-BDE5-59747336FB27}.Debug|Any CPU.ActiveCfg = Debug|Any CPU
		{345A64DD-4613-455B-BDE5-59747336FB27}.Debug|Any CPU.Build.0 = Debug|Any CPU
		{345A64DD-4613-455B-BDE5-59747336FB27}.Release|Any CPU.ActiveCfg = Release|Any CPU
		{345A64DD-4613-455B-BDE5-59747336FB27}.Release|Any CPU.Build.0 = Release|Any CPU
		{F411A706-84D7-40B6-8762-0944A69765C8}.Debug|Any CPU.ActiveCfg = Debug|Any CPU
		{F411A706-84D7-40B6-8762-0944A69765C8}.Debug|Any CPU.Build.0 = Debug|Any CPU
		{F411A706-84D7-40B6-8762-0944A69765C8}.Release|Any CPU.ActiveCfg = Release|Any CPU
		{F411A706-84D7-40B6-8762-0944A69765C8}.Release|Any CPU.Build.0 = Release|Any CPU
		{8558D889-FE41-4BF4-A023-71EE62EFAEFB}.Debug|Any CPU.ActiveCfg = Debug|Any CPU
		{8558D889-FE41-4BF4-A023-71EE62EFAEFB}.Debug|Any CPU.Build.0 = Debug|Any CPU
		{8558D889-FE41-4BF4-A023-71EE62EFAEFB}.Release|Any CPU.ActiveCfg = Release|Any CPU
		{8558D889-FE41-4BF4-A023-71EE62EFAEFB}.Release|Any CPU.Build.0 = Release|Any CPU
		{7F3B40C5-DFB9-428D-910F-731FD472EDBA}.Debug|Any CPU.ActiveCfg = Debug|Any CPU
		{7F3B40C5-DFB9-428D-910F-731FD472EDBA}.Debug|Any CPU.Build.0 = Debug|Any CPU
		{7F3B40C5-DFB9-428D-910F-731FD472EDBA}.Release|Any CPU.ActiveCfg = Release|Any CPU
		{7F3B40C5-DFB9-428D-910F-731FD472EDBA}.Release|Any CPU.Build.0 = Release|Any CPU
		{A345C63E-DDB4-4AFE-B935-CCDFF7ACEA16}.Debug|Any CPU.ActiveCfg = Debug|Any CPU
		{A345C63E-DDB4-4AFE-B935-CCDFF7ACEA16}.Debug|Any CPU.Build.0 = Debug|Any CPU
		{A345C63E-DDB4-4AFE-B935-CCDFF7ACEA16}.Release|Any CPU.ActiveCfg = Release|Any CPU
		{A345C63E-DDB4-4AFE-B935-CCDFF7ACEA16}.Release|Any CPU.Build.0 = Release|Any CPU
		{51AF5801-3D43-44D8-BB6A-57170703D9A1}.Debug|Any CPU.ActiveCfg = Debug|Any CPU
		{51AF5801-3D43-44D8-BB6A-57170703D9A1}.Debug|Any CPU.Build.0 = Debug|Any CPU
		{51AF5801-3D43-44D8-BB6A-57170703D9A1}.Release|Any CPU.ActiveCfg = Release|Any CPU
		{51AF5801-3D43-44D8-BB6A-57170703D9A1}.Release|Any CPU.Build.0 = Release|Any CPU
		{86508E28-5BDA-40A7-82CA-D26B0D6D4953}.Debug|Any CPU.ActiveCfg = Debug|Any CPU
		{86508E28-5BDA-40A7-82CA-D26B0D6D4953}.Debug|Any CPU.Build.0 = Debug|Any CPU
		{86508E28-5BDA-40A7-82CA-D26B0D6D4953}.Release|Any CPU.ActiveCfg = Release|Any CPU
		{86508E28-5BDA-40A7-82CA-D26B0D6D4953}.Release|Any CPU.Build.0 = Release|Any CPU
		{D032AE4D-4356-4201-9B33-79A5B1973930}.Debug|Any CPU.ActiveCfg = Debug|Any CPU
		{D032AE4D-4356-4201-9B33-79A5B1973930}.Debug|Any CPU.Build.0 = Debug|Any CPU
		{D032AE4D-4356-4201-9B33-79A5B1973930}.Release|Any CPU.ActiveCfg = Release|Any CPU
		{D032AE4D-4356-4201-9B33-79A5B1973930}.Release|Any CPU.Build.0 = Release|Any CPU
		{FFFA8316-2E95-4A16-8B5F-7428314E033D}.Debug|Any CPU.ActiveCfg = Debug|Any CPU
		{FFFA8316-2E95-4A16-8B5F-7428314E033D}.Debug|Any CPU.Build.0 = Debug|Any CPU
		{FFFA8316-2E95-4A16-8B5F-7428314E033D}.Release|Any CPU.ActiveCfg = Release|Any CPU
		{FFFA8316-2E95-4A16-8B5F-7428314E033D}.Release|Any CPU.Build.0 = Release|Any CPU
		{039A94B8-4FC5-4472-A266-6328CB53FC1F}.Debug|Any CPU.ActiveCfg = Debug|Any CPU
		{039A94B8-4FC5-4472-A266-6328CB53FC1F}.Debug|Any CPU.Build.0 = Debug|Any CPU
		{039A94B8-4FC5-4472-A266-6328CB53FC1F}.Release|Any CPU.ActiveCfg = Release|Any CPU
		{039A94B8-4FC5-4472-A266-6328CB53FC1F}.Release|Any CPU.Build.0 = Release|Any CPU
		{C1A01931-63A1-43BC-A796-D86207E97A9B}.Debug|Any CPU.ActiveCfg = Debug|Any CPU
		{C1A01931-63A1-43BC-A796-D86207E97A9B}.Debug|Any CPU.Build.0 = Debug|Any CPU
		{C1A01931-63A1-43BC-A796-D86207E97A9B}.Release|Any CPU.ActiveCfg = Release|Any CPU
		{C1A01931-63A1-43BC-A796-D86207E97A9B}.Release|Any CPU.Build.0 = Release|Any CPU
	EndGlobalSection
EndGlobal
