
Microsoft Visual Studio Solution File, Format Version 12.00
# Visual Studio Version 17
VisualStudioVersion = 17.0.31903.59
MinimumVisualStudioVersion = 10.0.40219.1
Project("{FAE04EC0-301F-11D3-BF4B-00C04F79EFBC}") = "PrepareMergeCoins", "PrepareMergeCoins\PrepareMergeCoins.csproj", "{0D4D85B9-1DD2-4D2C-B4CF-D9499ACA498A}"
EndProject
Project("{FAE04EC0-301F-11D3-BF4B-00C04F79EFBC}") = "PrepareSendIotaMulti", "PrepareSendIotaMulti\PrepareSendIotaMulti.csproj", "{CAAAA311-E048-422D-8729-99DCD57DEEBE}"
EndProject
Project("{FAE04EC0-301F-11D3-BF4B-00C04F79EFBC}") = "PackageEvents", "PackageEvents\PackageEvents.csproj", "{835B4D8F-01B3-4BBF-B955-954AE77E8852}"
EndProject
Project("{FAE04EC0-301F-11D3-BF4B-00C04F79EFBC}") = "GenerateMnemonic", "GenerateMnemonic\GenerateMnemonic.csproj", "{EB82BAEE-D0D2-403C-9024-F2A8266F0F7A}"
EndProject
Project("{FAE04EC0-301F-11D3-BF4B-00C04F79EFBC}") = "Pagination", "Pagination\Pagination.csproj", "{8B5B966C-C193-4203-877E-946673EF61C3}"
EndProject
Project("{FAE04EC0-301F-11D3-BF4B-00C04F79EFBC}") = "PrepareSplitCoins", "PrepareSplitCoins\PrepareSplitCoins.csproj", "{8F091A79-603A-4443-894E-E4B71BCB071D}"
EndProject
Project("{FAE04EC0-301F-11D3-BF4B-00C04F79EFBC}") = "PrepareTransferObjects", "PrepareTransferObjects\PrepareTransferObjects.csproj", "{7AFF6A3C-1068-47B4-B425-8D72972F769E}"
EndProject
Project("{FAE04EC0-301F-11D3-BF4B-00C04F79EFBC}") = "Stake", "Stake\Stake.csproj", "{82DCEE99-9095-4F1C-A78B-4C90157E1946}"
EndProject
Project("{FAE04EC0-301F-11D3-BF4B-00C04F79EFBC}") = "GetObject", "GetObject\GetObject.csproj", "{883D4988-E2BF-4808-AB99-8E567F00D3CE}"
EndProject
Project("{FAE04EC0-301F-11D3-BF4B-00C04F79EFBC}") = "Unstake", "Unstake\Unstake.csproj", "{51BFCD62-226C-42CC-89D0-7CC9017A374F}"
EndProject
Project("{FAE04EC0-301F-11D3-BF4B-00C04F79EFBC}") = "DevInspect", "DevInspect\DevInspect.csproj", "{14AD91B6-A064-4563-8148-5791E6F142FC}"
EndProject
Project("{FAE04EC0-301F-11D3-BF4B-00C04F79EFBC}") = "GasSponsor", "GasSponsor\GasSponsor.csproj", "{D0CEE414-AFEA-4950-B7AF-AC6123E53B8B}"
EndProject
Project("{FAE04EC0-301F-11D3-BF4B-00C04F79EFBC}") = "TransactionsWithFunction", "TransactionsWithFunction\TransactionsWithFunction.csproj", "{B9E3DE43-A543-443D-8037-953771808146}"
EndProject
Project("{FAE04EC0-301F-11D3-BF4B-00C04F79EFBC}") = "GasStation", "GasStation\GasStation.csproj", "{14BED559-5E94-4538-A43E-FEB5E2BCBE8C}"
EndProject
Project("{FAE04EC0-301F-11D3-BF4B-00C04F79EFBC}") = "Epoch", "Epoch\Epoch.csproj", "{B04428E4-5498-4F95-AFFA-AFE2B62D5EF9}"
EndProject
Project("{FAE04EC0-301F-11D3-BF4B-00C04F79EFBC}") = "MoveFunctions", "MoveFunctions\MoveFunctions.csproj", "{1E0BBC2B-19C1-4E31-A09E-01F26BB2F361}"
EndProject
Project("{FAE04EC0-301F-11D3-BF4B-00C04F79EFBC}") = "AddressFromMnemonic", "AddressFromMnemonic\AddressFromMnemonic.csproj", "{B7D3CEB8-69C7-4F88-AA3C-860FE2E52ED6}"
EndProject
Project("{FAE04EC0-301F-11D3-BF4B-00C04F79EFBC}") = "TransactionsWithShared", "TransactionsWithShared\TransactionsWithShared.csproj", "{81BCE82C-63D1-4765-AE52-1813F576C8F7}"
EndProject
Project("{FAE04EC0-301F-11D3-BF4B-00C04F79EFBC}") = "AbstractAccount", "AbstractAccount\AbstractAccount.csproj", "{E8FC6F4C-5B0E-4A1E-BEE0-F09250825F84}"
EndProject
Project("{FAE04EC0-301F-11D3-BF4B-00C04F79EFBC}") = "GenerateEd25519Address", "GenerateEd25519Address\GenerateEd25519Address.csproj", "{E00740AD-F78D-4515-944F-8AD8C010DB4B}"
EndProject
Project("{FAE04EC0-301F-11D3-BF4B-00C04F79EFBC}") = "JsonQuery", "JsonQuery\JsonQuery.csproj", "{D9337683-015A-4C1C-8B6A-3F94CD587770}"
EndProject
Project("{FAE04EC0-301F-11D3-BF4B-00C04F79EFBC}") = "DynamicFields", "DynamicFields\DynamicFields.csproj", "{2B43EF79-F236-4943-9921-6D0CFB82D232}"
EndProject
Project("{FAE04EC0-301F-11D3-BF4B-00C04F79EFBC}") = "OwnedObjects", "OwnedObjects\OwnedObjects.csproj", "{E9E05246-BD58-44A2-808D-18055FEA9CF1}"
EndProject
Project("{FAE04EC0-301F-11D3-BF4B-00C04F79EFBC}") = "CustomQuery", "CustomQuery\CustomQuery.csproj", "{F4EF514E-5545-4655-9A4F-F0F68D0D5109}"
EndProject
Project("{FAE04EC0-301F-11D3-BF4B-00C04F79EFBC}") = "MoveViewCall", "MoveViewCall\MoveViewCall.csproj", "{F666C21B-5605-4717-B8CF-7D2A1ED7D5D2}"
EndProject
Project("{FAE04EC0-301F-11D3-BF4B-00C04F79EFBC}") = "SignSendIota", "SignSendIota\SignSendIota.csproj", "{277C8BC3-6E6F-474B-B2DB-EB9E1E47BAB0}"
EndProject
Project("{FAE04EC0-301F-11D3-BF4B-00C04F79EFBC}") = "JsonRoundtrip", "JsonRoundtrip\JsonRoundtrip.csproj", "{30466BFD-5822-49FF-A33C-DECCFF7F3B7A}"
EndProject
Project("{FAE04EC0-301F-11D3-BF4B-00C04F79EFBC}") = "ObjectsByType", "ObjectsByType\ObjectsByType.csproj", "{A3043894-A5BD-481D-9561-22A95173772E}"
EndProject
Project("{FAE04EC0-301F-11D3-BF4B-00C04F79EFBC}") = "GetTransaction", "GetTransaction\GetTransaction.csproj", "{314853E9-13DD-40BB-BE30-AA406EF7B470}"
EndProject
Project("{FAE04EC0-301F-11D3-BF4B-00C04F79EFBC}") = "Faucet", "Faucet\Faucet.csproj", "{4505C5A2-7755-4643-9EFE-C6F0FEBB65B9}"
EndProject
Project("{FAE04EC0-301F-11D3-BF4B-00C04F79EFBC}") = "DryRunBytes", "DryRunBytes\DryRunBytes.csproj", "{F4F415AC-365B-472B-8659-C62028B2C4E9}"
EndProject
Project("{FAE04EC0-301F-11D3-BF4B-00C04F79EFBC}") = "CoinBalances", "CoinBalances\CoinBalances.csproj", "{543C4CF3-FE53-4348-A38C-0A22485220DF}"
EndProject
Project("{FAE04EC0-301F-11D3-BF4B-00C04F79EFBC}") = "PrepareSendCoins", "PrepareSendCoins\PrepareSendCoins.csproj", "{C70E25EE-2FCE-4BFB-AB8D-EEC0917D2A28}"
EndProject
Project("{FAE04EC0-301F-11D3-BF4B-00C04F79EFBC}") = "TxCommandResults", "TxCommandResults\TxCommandResults.csproj", "{F8F6D93D-A30C-4D84-A350-B82C1D538B0E}"
EndProject
Project("{FAE04EC0-301F-11D3-BF4B-00C04F79EFBC}") = "GenericMoveFunction", "GenericMoveFunction\GenericMoveFunction.csproj", "{7650B82C-CCCF-45B0-9995-4E09E0B8D1D7}"
EndProject
Project("{FAE04EC0-301F-11D3-BF4B-00C04F79EFBC}") = "TransactionSignerCallback", "TransactionSignerCallback\TransactionSignerCallback.csproj", "{67DDA735-1913-4C57-B89A-FA3570FFB3B4}"
EndProject
Project("{FAE04EC0-301F-11D3-BF4B-00C04F79EFBC}") = "PublishUpgrade", "PublishUpgrade\PublishUpgrade.csproj", "{115EB49B-6D43-4E43-9BD4-267BFFFC9650}"
EndProject
Project("{FAE04EC0-301F-11D3-BF4B-00C04F79EFBC}") = "PrepareSendIota", "PrepareSendIota\PrepareSendIota.csproj", "{01A6883E-B01D-4CDC-8B8D-6A5A3F42A7F9}"
EndProject
Project("{FAE04EC0-301F-11D3-BF4B-00C04F79EFBC}") = "PackageInspect", "PackageInspect\PackageInspect.csproj", "{C1B6F5E2-8F62-4DF3-A3E4-6F8D9A934D33}"
EndProject
Project("{FAE04EC0-301F-11D3-BF4B-00C04F79EFBC}") = "PrepareTransferObjectsOffline", "PrepareTransferObjectsOffline\PrepareTransferObjectsOffline.csproj", "{AE25647E-A3AC-4910-950B-0745B3ED0D4C}"
EndProject
Project("{FAE04EC0-301F-11D3-BF4B-00C04F79EFBC}") = "ChainId", "ChainId\ChainId.csproj", "{34D3138F-22C1-4712-A687-27CB47C57D89}"
EndProject
Project("{FAE04EC0-301F-11D3-BF4B-00C04F79EFBC}") = "Multisig", "Multisig\Multisig.csproj", "{A1B2C3D4-E5F6-7890-ABCD-EF1234567890}"
EndProject
Project("{FAE04EC0-301F-11D3-BF4B-00C04F79EFBC}") = "DecodeStakedIota", "DecodeStakedIota\DecodeStakedIota.csproj", "{C7A4D1E5-3B82-4F09-A6B7-1E9D5C8F4A23}"
Project("{FAE04EC0-301F-11D3-BF4B-00C04F79EFBC}") = "AddressTransactions", "AddressTransactions\AddressTransactions.csproj", "{042B80AD-AD76-4608-AFA7-4D65CD70DD93}"
EndProject
Project("{FAE04EC0-301F-11D3-BF4B-00C04F79EFBC}") = "GrpcServiceInfo", "GrpcServiceInfo\GrpcServiceInfo.csproj", "{ACE4A8DE-278B-4A3B-97ED-CB5E739EA25F}"
EndProject
Project("{FAE04EC0-301F-11D3-BF4B-00C04F79EFBC}") = "GrpcStreamCheckpoints", "GrpcStreamCheckpoints\GrpcStreamCheckpoints.csproj", "{E00E899F-0DF1-4D74-AC26-FAEB1A6B8FB2}"
EndProject
Global
	GlobalSection(SolutionConfigurationPlatforms) = preSolution
		Debug|Any CPU = Debug|Any CPU
		Release|Any CPU = Release|Any CPU
	EndGlobalSection
	GlobalSection(SolutionProperties) = preSolution
		HideSolutionNode = FALSE
	EndGlobalSection
	GlobalSection(ProjectConfigurationPlatforms) = postSolution
		{0D4D85B9-1DD2-4D2C-B4CF-D9499ACA498A}.Debug|Any CPU.ActiveCfg = Debug|Any CPU
		{0D4D85B9-1DD2-4D2C-B4CF-D9499ACA498A}.Debug|Any CPU.Build.0 = Debug|Any CPU
		{0D4D85B9-1DD2-4D2C-B4CF-D9499ACA498A}.Release|Any CPU.ActiveCfg = Release|Any CPU
		{0D4D85B9-1DD2-4D2C-B4CF-D9499ACA498A}.Release|Any CPU.Build.0 = Release|Any CPU
		{CAAAA311-E048-422D-8729-99DCD57DEEBE}.Debug|Any CPU.ActiveCfg = Debug|Any CPU
		{CAAAA311-E048-422D-8729-99DCD57DEEBE}.Debug|Any CPU.Build.0 = Debug|Any CPU
		{CAAAA311-E048-422D-8729-99DCD57DEEBE}.Release|Any CPU.ActiveCfg = Release|Any CPU
		{CAAAA311-E048-422D-8729-99DCD57DEEBE}.Release|Any CPU.Build.0 = Release|Any CPU
		{835B4D8F-01B3-4BBF-B955-954AE77E8852}.Debug|Any CPU.ActiveCfg = Debug|Any CPU
		{835B4D8F-01B3-4BBF-B955-954AE77E8852}.Debug|Any CPU.Build.0 = Debug|Any CPU
		{835B4D8F-01B3-4BBF-B955-954AE77E8852}.Release|Any CPU.ActiveCfg = Release|Any CPU
		{835B4D8F-01B3-4BBF-B955-954AE77E8852}.Release|Any CPU.Build.0 = Release|Any CPU
		{EB82BAEE-D0D2-403C-9024-F2A8266F0F7A}.Debug|Any CPU.ActiveCfg = Debug|Any CPU
		{EB82BAEE-D0D2-403C-9024-F2A8266F0F7A}.Debug|Any CPU.Build.0 = Debug|Any CPU
		{EB82BAEE-D0D2-403C-9024-F2A8266F0F7A}.Release|Any CPU.ActiveCfg = Release|Any CPU
		{EB82BAEE-D0D2-403C-9024-F2A8266F0F7A}.Release|Any CPU.Build.0 = Release|Any CPU
		{8B5B966C-C193-4203-877E-946673EF61C3}.Debug|Any CPU.ActiveCfg = Debug|Any CPU
		{8B5B966C-C193-4203-877E-946673EF61C3}.Debug|Any CPU.Build.0 = Debug|Any CPU
		{8B5B966C-C193-4203-877E-946673EF61C3}.Release|Any CPU.ActiveCfg = Release|Any CPU
		{8B5B966C-C193-4203-877E-946673EF61C3}.Release|Any CPU.Build.0 = Release|Any CPU
		{8F091A79-603A-4443-894E-E4B71BCB071D}.Debug|Any CPU.ActiveCfg = Debug|Any CPU
		{8F091A79-603A-4443-894E-E4B71BCB071D}.Debug|Any CPU.Build.0 = Debug|Any CPU
		{8F091A79-603A-4443-894E-E4B71BCB071D}.Release|Any CPU.ActiveCfg = Release|Any CPU
		{8F091A79-603A-4443-894E-E4B71BCB071D}.Release|Any CPU.Build.0 = Release|Any CPU
		{7AFF6A3C-1068-47B4-B425-8D72972F769E}.Debug|Any CPU.ActiveCfg = Debug|Any CPU
		{7AFF6A3C-1068-47B4-B425-8D72972F769E}.Debug|Any CPU.Build.0 = Debug|Any CPU
		{7AFF6A3C-1068-47B4-B425-8D72972F769E}.Release|Any CPU.ActiveCfg = Release|Any CPU
		{7AFF6A3C-1068-47B4-B425-8D72972F769E}.Release|Any CPU.Build.0 = Release|Any CPU
		{82DCEE99-9095-4F1C-A78B-4C90157E1946}.Debug|Any CPU.ActiveCfg = Debug|Any CPU
		{82DCEE99-9095-4F1C-A78B-4C90157E1946}.Debug|Any CPU.Build.0 = Debug|Any CPU
		{82DCEE99-9095-4F1C-A78B-4C90157E1946}.Release|Any CPU.ActiveCfg = Release|Any CPU
		{82DCEE99-9095-4F1C-A78B-4C90157E1946}.Release|Any CPU.Build.0 = Release|Any CPU
		{883D4988-E2BF-4808-AB99-8E567F00D3CE}.Debug|Any CPU.ActiveCfg = Debug|Any CPU
		{883D4988-E2BF-4808-AB99-8E567F00D3CE}.Debug|Any CPU.Build.0 = Debug|Any CPU
		{883D4988-E2BF-4808-AB99-8E567F00D3CE}.Release|Any CPU.ActiveCfg = Release|Any CPU
		{883D4988-E2BF-4808-AB99-8E567F00D3CE}.Release|Any CPU.Build.0 = Release|Any CPU
		{51BFCD62-226C-42CC-89D0-7CC9017A374F}.Debug|Any CPU.ActiveCfg = Debug|Any CPU
		{51BFCD62-226C-42CC-89D0-7CC9017A374F}.Debug|Any CPU.Build.0 = Debug|Any CPU
		{51BFCD62-226C-42CC-89D0-7CC9017A374F}.Release|Any CPU.ActiveCfg = Release|Any CPU
		{51BFCD62-226C-42CC-89D0-7CC9017A374F}.Release|Any CPU.Build.0 = Release|Any CPU
		{14AD91B6-A064-4563-8148-5791E6F142FC}.Debug|Any CPU.ActiveCfg = Debug|Any CPU
		{14AD91B6-A064-4563-8148-5791E6F142FC}.Debug|Any CPU.Build.0 = Debug|Any CPU
		{14AD91B6-A064-4563-8148-5791E6F142FC}.Release|Any CPU.ActiveCfg = Release|Any CPU
		{14AD91B6-A064-4563-8148-5791E6F142FC}.Release|Any CPU.Build.0 = Release|Any CPU
		{D0CEE414-AFEA-4950-B7AF-AC6123E53B8B}.Debug|Any CPU.ActiveCfg = Debug|Any CPU
		{D0CEE414-AFEA-4950-B7AF-AC6123E53B8B}.Debug|Any CPU.Build.0 = Debug|Any CPU
		{D0CEE414-AFEA-4950-B7AF-AC6123E53B8B}.Release|Any CPU.ActiveCfg = Release|Any CPU
		{D0CEE414-AFEA-4950-B7AF-AC6123E53B8B}.Release|Any CPU.Build.0 = Release|Any CPU
		{B9E3DE43-A543-443D-8037-953771808146}.Debug|Any CPU.ActiveCfg = Debug|Any CPU
		{B9E3DE43-A543-443D-8037-953771808146}.Debug|Any CPU.Build.0 = Debug|Any CPU
		{B9E3DE43-A543-443D-8037-953771808146}.Release|Any CPU.ActiveCfg = Release|Any CPU
		{B9E3DE43-A543-443D-8037-953771808146}.Release|Any CPU.Build.0 = Release|Any CPU
		{14BED559-5E94-4538-A43E-FEB5E2BCBE8C}.Debug|Any CPU.ActiveCfg = Debug|Any CPU
		{14BED559-5E94-4538-A43E-FEB5E2BCBE8C}.Debug|Any CPU.Build.0 = Debug|Any CPU
		{14BED559-5E94-4538-A43E-FEB5E2BCBE8C}.Release|Any CPU.ActiveCfg = Release|Any CPU
		{14BED559-5E94-4538-A43E-FEB5E2BCBE8C}.Release|Any CPU.Build.0 = Release|Any CPU
		{B04428E4-5498-4F95-AFFA-AFE2B62D5EF9}.Debug|Any CPU.ActiveCfg = Debug|Any CPU
		{B04428E4-5498-4F95-AFFA-AFE2B62D5EF9}.Debug|Any CPU.Build.0 = Debug|Any CPU
		{B04428E4-5498-4F95-AFFA-AFE2B62D5EF9}.Release|Any CPU.ActiveCfg = Release|Any CPU
		{B04428E4-5498-4F95-AFFA-AFE2B62D5EF9}.Release|Any CPU.Build.0 = Release|Any CPU
		{1E0BBC2B-19C1-4E31-A09E-01F26BB2F361}.Debug|Any CPU.ActiveCfg = Debug|Any CPU
		{1E0BBC2B-19C1-4E31-A09E-01F26BB2F361}.Debug|Any CPU.Build.0 = Debug|Any CPU
		{1E0BBC2B-19C1-4E31-A09E-01F26BB2F361}.Release|Any CPU.ActiveCfg = Release|Any CPU
		{1E0BBC2B-19C1-4E31-A09E-01F26BB2F361}.Release|Any CPU.Build.0 = Release|Any CPU
		{B7D3CEB8-69C7-4F88-AA3C-860FE2E52ED6}.Debug|Any CPU.ActiveCfg = Debug|Any CPU
		{B7D3CEB8-69C7-4F88-AA3C-860FE2E52ED6}.Debug|Any CPU.Build.0 = Debug|Any CPU
		{B7D3CEB8-69C7-4F88-AA3C-860FE2E52ED6}.Release|Any CPU.ActiveCfg = Release|Any CPU
		{B7D3CEB8-69C7-4F88-AA3C-860FE2E52ED6}.Release|Any CPU.Build.0 = Release|Any CPU
		{81BCE82C-63D1-4765-AE52-1813F576C8F7}.Debug|Any CPU.ActiveCfg = Debug|Any CPU
		{81BCE82C-63D1-4765-AE52-1813F576C8F7}.Debug|Any CPU.Build.0 = Debug|Any CPU
		{81BCE82C-63D1-4765-AE52-1813F576C8F7}.Release|Any CPU.ActiveCfg = Release|Any CPU
		{81BCE82C-63D1-4765-AE52-1813F576C8F7}.Release|Any CPU.Build.0 = Release|Any CPU
		{E8FC6F4C-5B0E-4A1E-BEE0-F09250825F84}.Debug|Any CPU.ActiveCfg = Debug|Any CPU
		{E8FC6F4C-5B0E-4A1E-BEE0-F09250825F84}.Debug|Any CPU.Build.0 = Debug|Any CPU
		{E8FC6F4C-5B0E-4A1E-BEE0-F09250825F84}.Release|Any CPU.ActiveCfg = Release|Any CPU
		{E8FC6F4C-5B0E-4A1E-BEE0-F09250825F84}.Release|Any CPU.Build.0 = Release|Any CPU
		{E00740AD-F78D-4515-944F-8AD8C010DB4B}.Debug|Any CPU.ActiveCfg = Debug|Any CPU
		{E00740AD-F78D-4515-944F-8AD8C010DB4B}.Debug|Any CPU.Build.0 = Debug|Any CPU
		{E00740AD-F78D-4515-944F-8AD8C010DB4B}.Release|Any CPU.ActiveCfg = Release|Any CPU
		{E00740AD-F78D-4515-944F-8AD8C010DB4B}.Release|Any CPU.Build.0 = Release|Any CPU
		{D9337683-015A-4C1C-8B6A-3F94CD587770}.Debug|Any CPU.ActiveCfg = Debug|Any CPU
		{D9337683-015A-4C1C-8B6A-3F94CD587770}.Debug|Any CPU.Build.0 = Debug|Any CPU
		{D9337683-015A-4C1C-8B6A-3F94CD587770}.Release|Any CPU.ActiveCfg = Release|Any CPU
		{D9337683-015A-4C1C-8B6A-3F94CD587770}.Release|Any CPU.Build.0 = Release|Any CPU
		{2B43EF79-F236-4943-9921-6D0CFB82D232}.Debug|Any CPU.ActiveCfg = Debug|Any CPU
		{2B43EF79-F236-4943-9921-6D0CFB82D232}.Debug|Any CPU.Build.0 = Debug|Any CPU
		{2B43EF79-F236-4943-9921-6D0CFB82D232}.Release|Any CPU.ActiveCfg = Release|Any CPU
		{2B43EF79-F236-4943-9921-6D0CFB82D232}.Release|Any CPU.Build.0 = Release|Any CPU
		{E9E05246-BD58-44A2-808D-18055FEA9CF1}.Debug|Any CPU.ActiveCfg = Debug|Any CPU
		{E9E05246-BD58-44A2-808D-18055FEA9CF1}.Debug|Any CPU.Build.0 = Debug|Any CPU
		{E9E05246-BD58-44A2-808D-18055FEA9CF1}.Release|Any CPU.ActiveCfg = Release|Any CPU
		{E9E05246-BD58-44A2-808D-18055FEA9CF1}.Release|Any CPU.Build.0 = Release|Any CPU
		{F4EF514E-5545-4655-9A4F-F0F68D0D5109}.Debug|Any CPU.ActiveCfg = Debug|Any CPU
		{F4EF514E-5545-4655-9A4F-F0F68D0D5109}.Debug|Any CPU.Build.0 = Debug|Any CPU
		{F4EF514E-5545-4655-9A4F-F0F68D0D5109}.Release|Any CPU.ActiveCfg = Release|Any CPU
		{F4EF514E-5545-4655-9A4F-F0F68D0D5109}.Release|Any CPU.Build.0 = Release|Any CPU
		{F666C21B-5605-4717-B8CF-7D2A1ED7D5D2}.Debug|Any CPU.ActiveCfg = Debug|Any CPU
		{F666C21B-5605-4717-B8CF-7D2A1ED7D5D2}.Debug|Any CPU.Build.0 = Debug|Any CPU
		{F666C21B-5605-4717-B8CF-7D2A1ED7D5D2}.Release|Any CPU.ActiveCfg = Release|Any CPU
		{F666C21B-5605-4717-B8CF-7D2A1ED7D5D2}.Release|Any CPU.Build.0 = Release|Any CPU
		{277C8BC3-6E6F-474B-B2DB-EB9E1E47BAB0}.Debug|Any CPU.ActiveCfg = Debug|Any CPU
		{277C8BC3-6E6F-474B-B2DB-EB9E1E47BAB0}.Debug|Any CPU.Build.0 = Debug|Any CPU
		{277C8BC3-6E6F-474B-B2DB-EB9E1E47BAB0}.Release|Any CPU.ActiveCfg = Release|Any CPU
		{277C8BC3-6E6F-474B-B2DB-EB9E1E47BAB0}.Release|Any CPU.Build.0 = Release|Any CPU
		{30466BFD-5822-49FF-A33C-DECCFF7F3B7A}.Debug|Any CPU.ActiveCfg = Debug|Any CPU
		{30466BFD-5822-49FF-A33C-DECCFF7F3B7A}.Debug|Any CPU.Build.0 = Debug|Any CPU
		{30466BFD-5822-49FF-A33C-DECCFF7F3B7A}.Release|Any CPU.ActiveCfg = Release|Any CPU
		{30466BFD-5822-49FF-A33C-DECCFF7F3B7A}.Release|Any CPU.Build.0 = Release|Any CPU
		{A3043894-A5BD-481D-9561-22A95173772E}.Debug|Any CPU.ActiveCfg = Debug|Any CPU
		{A3043894-A5BD-481D-9561-22A95173772E}.Debug|Any CPU.Build.0 = Debug|Any CPU
		{A3043894-A5BD-481D-9561-22A95173772E}.Release|Any CPU.ActiveCfg = Release|Any CPU
		{A3043894-A5BD-481D-9561-22A95173772E}.Release|Any CPU.Build.0 = Release|Any CPU
		{314853E9-13DD-40BB-BE30-AA406EF7B470}.Debug|Any CPU.ActiveCfg = Debug|Any CPU
		{314853E9-13DD-40BB-BE30-AA406EF7B470}.Debug|Any CPU.Build.0 = Debug|Any CPU
		{314853E9-13DD-40BB-BE30-AA406EF7B470}.Release|Any CPU.ActiveCfg = Release|Any CPU
		{314853E9-13DD-40BB-BE30-AA406EF7B470}.Release|Any CPU.Build.0 = Release|Any CPU
		{4505C5A2-7755-4643-9EFE-C6F0FEBB65B9}.Debug|Any CPU.ActiveCfg = Debug|Any CPU
		{4505C5A2-7755-4643-9EFE-C6F0FEBB65B9}.Debug|Any CPU.Build.0 = Debug|Any CPU
		{4505C5A2-7755-4643-9EFE-C6F0FEBB65B9}.Release|Any CPU.ActiveCfg = Release|Any CPU
		{4505C5A2-7755-4643-9EFE-C6F0FEBB65B9}.Release|Any CPU.Build.0 = Release|Any CPU
		{F4F415AC-365B-472B-8659-C62028B2C4E9}.Debug|Any CPU.ActiveCfg = Debug|Any CPU
		{F4F415AC-365B-472B-8659-C62028B2C4E9}.Debug|Any CPU.Build.0 = Debug|Any CPU
		{F4F415AC-365B-472B-8659-C62028B2C4E9}.Release|Any CPU.ActiveCfg = Release|Any CPU
		{F4F415AC-365B-472B-8659-C62028B2C4E9}.Release|Any CPU.Build.0 = Release|Any CPU
		{543C4CF3-FE53-4348-A38C-0A22485220DF}.Debug|Any CPU.ActiveCfg = Debug|Any CPU
		{543C4CF3-FE53-4348-A38C-0A22485220DF}.Debug|Any CPU.Build.0 = Debug|Any CPU
		{543C4CF3-FE53-4348-A38C-0A22485220DF}.Release|Any CPU.ActiveCfg = Release|Any CPU
		{543C4CF3-FE53-4348-A38C-0A22485220DF}.Release|Any CPU.Build.0 = Release|Any CPU
		{C70E25EE-2FCE-4BFB-AB8D-EEC0917D2A28}.Debug|Any CPU.ActiveCfg = Debug|Any CPU
		{C70E25EE-2FCE-4BFB-AB8D-EEC0917D2A28}.Debug|Any CPU.Build.0 = Debug|Any CPU
		{C70E25EE-2FCE-4BFB-AB8D-EEC0917D2A28}.Release|Any CPU.ActiveCfg = Release|Any CPU
		{C70E25EE-2FCE-4BFB-AB8D-EEC0917D2A28}.Release|Any CPU.Build.0 = Release|Any CPU
		{F8F6D93D-A30C-4D84-A350-B82C1D538B0E}.Debug|Any CPU.ActiveCfg = Debug|Any CPU
		{F8F6D93D-A30C-4D84-A350-B82C1D538B0E}.Debug|Any CPU.Build.0 = Debug|Any CPU
		{F8F6D93D-A30C-4D84-A350-B82C1D538B0E}.Release|Any CPU.ActiveCfg = Release|Any CPU
		{F8F6D93D-A30C-4D84-A350-B82C1D538B0E}.Release|Any CPU.Build.0 = Release|Any CPU
		{7650B82C-CCCF-45B0-9995-4E09E0B8D1D7}.Debug|Any CPU.ActiveCfg = Debug|Any CPU
		{7650B82C-CCCF-45B0-9995-4E09E0B8D1D7}.Debug|Any CPU.Build.0 = Debug|Any CPU
		{7650B82C-CCCF-45B0-9995-4E09E0B8D1D7}.Release|Any CPU.ActiveCfg = Release|Any CPU
		{7650B82C-CCCF-45B0-9995-4E09E0B8D1D7}.Release|Any CPU.Build.0 = Release|Any CPU
		{67DDA735-1913-4C57-B89A-FA3570FFB3B4}.Debug|Any CPU.ActiveCfg = Debug|Any CPU
		{67DDA735-1913-4C57-B89A-FA3570FFB3B4}.Debug|Any CPU.Build.0 = Debug|Any CPU
		{67DDA735-1913-4C57-B89A-FA3570FFB3B4}.Release|Any CPU.ActiveCfg = Release|Any CPU
		{67DDA735-1913-4C57-B89A-FA3570FFB3B4}.Release|Any CPU.Build.0 = Release|Any CPU
		{115EB49B-6D43-4E43-9BD4-267BFFFC9650}.Debug|Any CPU.ActiveCfg = Debug|Any CPU
		{115EB49B-6D43-4E43-9BD4-267BFFFC9650}.Debug|Any CPU.Build.0 = Debug|Any CPU
		{115EB49B-6D43-4E43-9BD4-267BFFFC9650}.Release|Any CPU.ActiveCfg = Release|Any CPU
		{115EB49B-6D43-4E43-9BD4-267BFFFC9650}.Release|Any CPU.Build.0 = Release|Any CPU
			{01A6883E-B01D-4CDC-8B8D-6A5A3F42A7F9}.Debug|Any CPU.ActiveCfg = Debug|Any CPU
			{01A6883E-B01D-4CDC-8B8D-6A5A3F42A7F9}.Debug|Any CPU.Build.0 = Debug|Any CPU
			{01A6883E-B01D-4CDC-8B8D-6A5A3F42A7F9}.Release|Any CPU.ActiveCfg = Release|Any CPU
			{01A6883E-B01D-4CDC-8B8D-6A5A3F42A7F9}.Release|Any CPU.Build.0 = Release|Any CPU
			{C1B6F5E2-8F62-4DF3-A3E4-6F8D9A934D33}.Debug|Any CPU.ActiveCfg = Debug|Any CPU
			{C1B6F5E2-8F62-4DF3-A3E4-6F8D9A934D33}.Debug|Any CPU.Build.0 = Debug|Any CPU
			{C1B6F5E2-8F62-4DF3-A3E4-6F8D9A934D33}.Release|Any CPU.ActiveCfg = Release|Any CPU
			{C1B6F5E2-8F62-4DF3-A3E4-6F8D9A934D33}.Release|Any CPU.Build.0 = Release|Any CPU
			{AE25647E-A3AC-4910-950B-0745B3ED0D4C}.Debug|Any CPU.ActiveCfg = Debug|Any CPU
			{AE25647E-A3AC-4910-950B-0745B3ED0D4C}.Debug|Any CPU.Build.0 = Debug|Any CPU
			{AE25647E-A3AC-4910-950B-0745B3ED0D4C}.Release|Any CPU.ActiveCfg = Release|Any CPU
		{AE25647E-A3AC-4910-950B-0745B3ED0D4C}.Release|Any CPU.Build.0 = Release|Any CPU
		{34D3138F-22C1-4712-A687-27CB47C57D89}.Debug|Any CPU.ActiveCfg = Debug|Any CPU
		{34D3138F-22C1-4712-A687-27CB47C57D89}.Debug|Any CPU.Build.0 = Debug|Any CPU
		{34D3138F-22C1-4712-A687-27CB47C57D89}.Release|Any CPU.ActiveCfg = Release|Any CPU
		{34D3138F-22C1-4712-A687-27CB47C57D89}.Release|Any CPU.Build.0 = Release|Any CPU
		{A1B2C3D4-E5F6-7890-ABCD-EF1234567890}.Debug|Any CPU.ActiveCfg = Debug|Any CPU
		{A1B2C3D4-E5F6-7890-ABCD-EF1234567890}.Debug|Any CPU.Build.0 = Debug|Any CPU
		{A1B2C3D4-E5F6-7890-ABCD-EF1234567890}.Release|Any CPU.ActiveCfg = Release|Any CPU
		{A1B2C3D4-E5F6-7890-ABCD-EF1234567890}.Release|Any CPU.Build.0 = Release|Any CPU
		{C7A4D1E5-3B82-4F09-A6B7-1E9D5C8F4A23}.Debug|Any CPU.ActiveCfg = Debug|Any CPU
		{C7A4D1E5-3B82-4F09-A6B7-1E9D5C8F4A23}.Debug|Any CPU.Build.0 = Debug|Any CPU
		{C7A4D1E5-3B82-4F09-A6B7-1E9D5C8F4A23}.Release|Any CPU.ActiveCfg = Release|Any CPU
		{C7A4D1E5-3B82-4F09-A6B7-1E9D5C8F4A23}.Release|Any CPU.Build.0 = Release|Any CPU
		{042B80AD-AD76-4608-AFA7-4D65CD70DD93}.Debug|Any CPU.ActiveCfg = Debug|Any CPU
		{042B80AD-AD76-4608-AFA7-4D65CD70DD93}.Debug|Any CPU.Build.0 = Debug|Any CPU
		{042B80AD-AD76-4608-AFA7-4D65CD70DD93}.Release|Any CPU.ActiveCfg = Release|Any CPU
		{042B80AD-AD76-4608-AFA7-4D65CD70DD93}.Release|Any CPU.Build.0 = Release|Any CPU
		{ACE4A8DE-278B-4A3B-97ED-CB5E739EA25F}.Debug|Any CPU.ActiveCfg = Debug|Any CPU
		{ACE4A8DE-278B-4A3B-97ED-CB5E739EA25F}.Debug|Any CPU.Build.0 = Debug|Any CPU
		{ACE4A8DE-278B-4A3B-97ED-CB5E739EA25F}.Release|Any CPU.ActiveCfg = Release|Any CPU
		{ACE4A8DE-278B-4A3B-97ED-CB5E739EA25F}.Release|Any CPU.Build.0 = Release|Any CPU
		{E00E899F-0DF1-4D74-AC26-FAEB1A6B8FB2}.Debug|Any CPU.ActiveCfg = Debug|Any CPU
		{E00E899F-0DF1-4D74-AC26-FAEB1A6B8FB2}.Debug|Any CPU.Build.0 = Debug|Any CPU
		{E00E899F-0DF1-4D74-AC26-FAEB1A6B8FB2}.Release|Any CPU.ActiveCfg = Release|Any CPU
		{E00E899F-0DF1-4D74-AC26-FAEB1A6B8FB2}.Release|Any CPU.Build.0 = Release|Any CPU
	EndGlobalSection
EndGlobal
